https://github.com/Quillraven/Fleks.git/src#ad6380dae7cfcd84a5406b2f9d1c1ca1ba2c4fb3 ::: ad6380dae7cfcd84a5406b2f9d1c1ca1ba2c4fb3:0a07fdf8f50ef70af5f0fefafd0b0bf9ff0ff8fdf909ff03f202fbf7f5fff20f
https://github.com/korlibs/korge-fleks.git/fleks/kproject.yml#67fecd512b4ffca140dd1dfee5d29186dc55c0d8 ::: 67fecd512b4ffca140dd1dfee5d29186dc55c0d8:0ff7f5f2f6fb0bf7fcfd0c0104010b020af9fbfc020a0c05f6f3fb06fff5fff4
https://github.com/korlibs/korge-fleks.git/korge-fleks#67fecd512b4ffca140dd1dfee5d29186dc55c0d8 ::: 67fecd512b4ffca140dd1dfee5d29186dc55c0d8:f9f9f3fb07fef20200fff3f1ff07f9f7fafcfdf309f10203f60a050cff0f09fa
https://github.com/korlibs/korge-parallax.git/korge-parallax#b8e7356c3c5ba5fac273a83d3f6ef127a16de739 ::: b8e7356c3c5ba5fac273a83d3f6ef127a16de739:0e0808f608fe0cfd0300faf1050107f1f4fbf1f303fbf5f8fc0f06fdfd010601
https://github.com/korlibs/korge-tiled.git/korge-tiled#0.0.2 ::: 9b7b2ee7c416ba0fd90deb8b997dfbef2dd0e328:0a0cf0060ff6f602f9faf20804f9f8fe0809f4f60ef1f4f5ff0d04fafd000600
